
Microsoft Visual Studio Solution File, Format Version 12.00
# Visual Studio Version 16
VisualStudioVersion = 16.0.33328.57
MinimumVisualStudioVersion = 10.0.40219.1
Project("{9A19103F-16F7-4668-BE54-9A1E7A4F7556}") = "projecto1", "projecto1\projecto1.csproj", "{6E442844-4499-461C-BD23-E9E0F24A6057}"
EndProject
Project("{2150E333-8FDC-42A3-9474-1A3956D46DE8}") = "sabado", "sabado", "{747CA034-1747-4005-80ED-50586E7525A7}"
	ProjectSection(SolutionItems) = preProject
		chico123.cs = chico123.cs
	EndProjectSection
EndProject
Global
	GlobalSection(SolutionConfigurationPlatforms) = preSolution
		Debug|Any CPU = Debug|Any CPU
		Release|Any CPU = Release|Any CPU
	EndGlobalSection
	GlobalSection(ProjectConfigurationPlatforms) = postSolution
		{6E442844-4499-461C-BD23-E9E0F24A6057}.Debug|Any CPU.ActiveCfg = Debug|Any CPU
		{6E442844-4499-461C-BD23-E9E0F24A6057}.Debug|Any CPU.Build.0 = Debug|Any CPU
		{6E442844-4499-461C-BD23-E9E0F24A6057}.Release|Any CPU.ActiveCfg = Release|Any CPU
		{6E442844-4499-461C-BD23-E9E0F24A6057}.Release|Any CPU.Build.0 = Release|Any CPU
	EndGlobalSection
	GlobalSection(SolutionProperties) = preSolution
		HideSolutionNode = FALSE
	EndGlobalSection
	GlobalSection(ExtensibilityGlobals) = postSolution
		SolutionGuid = {725C2067-5F18-411F-8460-54677AA1FD04}
	EndGlobalSection
EndGlobal
